<?xml version="1.0" encoding="utf-8"?>
<Project ToolsVersion="4.0" xmlns="http://schemas.microsoft.com/developer/msbuild/2003">
  <ItemGroup>
    <Filter Include="源文件">
      <UniqueIdentifier>{4FC737F1-C7A5-4376-A066-2A32D752A2FF}</UniqueIdentifier>
      <Extensions>cpp;c;cc;cxx;def;odl;idl;hpj;bat;asm;asmx</Extensions>
    </Filter>
    <Filter Include="头文件">
      <UniqueIdentifier>{93995380-89BD-4b04-88EB-625FBE52EBFB}</UniqueIdentifier>
      <Extensions>h;hh;hpp;hxx;hm;inl;inc;xsd</Extensions>
    </Filter>
    <Filter Include="资源文件">
      <UniqueIdentifier>{67DA6AB6-F800-4c08-8B7A-83BB121AAD01}</UniqueIdentifier>
      <Extensions>rc;ico;cur;bmp;dlg;rc2;rct;bin;rgs;gif;jpg;jpeg;jpe;resx;tiff;tif;png;wav;mfcribbon-ms</Extensions>
    </Filter>
    <Filter Include="头文件\utils">
      <UniqueIdentifier>{2b722e62-b358-4e1b-816d-9726078dddce}</UniqueIdentifier>
    </Filter>
    <Filter Include="头文件\utils\logg">
      <UniqueIdentifier>{f1dce413-d3d6-484a-b054-cda2cb08b42d}</UniqueIdentifier>
    </Filter>
    <Filter Include="源文件\utils">
      <UniqueIdentifier>{40abfd3f-059f-4a53-9ffc-81b3e41184ee}</UniqueIdentifier>
    </Filter>
    <Filter Include="头文件\utils\ioFile">
      <UniqueIdentifier>{3ed3f665-3b3f-43b9-ac10-13699dc16824}</UniqueIdentifier>
    </Filter>
    <Filter Include="源文件\utils\ioFile">
      <UniqueIdentifier>{57feab4e-2394-45fe-93a0-10217f2b18b1}</UniqueIdentifier>
    </Filter>
    <Filter Include="头文件\cameraLibs">
      <UniqueIdentifier>{88cff0a2-3b1c-4ba8-896f-e40d1f9b4e03}</UniqueIdentifier>
    </Filter>
    <Filter Include="头文件\utils\arch">
      <UniqueIdentifier>{f2f005db-aa8b-4c6d-b59a-5a751cc734a5}</UniqueIdentifier>
    </Filter>
    <Filter Include="源文件\TEST">
      <UniqueIdentifier>{4821fcc7-6abe-4ac6-a687-4032a472d058}</UniqueIdentifier>
    </Filter>
    <Filter Include="源文件\utils\logg">
      <UniqueIdentifier>{b9b3085b-f4f1-4896-86dc-e7ebf60dbd35}</UniqueIdentifier>
    </Filter>
  </ItemGroup>
  <ItemGroup>
    <ClInclude Include="logg.h">
      <Filter>头文件\utils\logg</Filter>
    </ClInclude>
    <ClInclude Include="iofile.h">
      <Filter>头文件\utils\ioFile</Filter>
    </ClInclude>
    <ClInclude Include="sensor.h">
      <Filter>头文件</Filter>
    </ClInclude>
    <ClInclude Include="realSense.h">
      <Filter>头文件\cameraLibs</Filter>
    </ClInclude>
    <ClInclude Include="camera.h">
      <Filter>头文件</Filter>
    </ClInclude>
    <ClInclude Include="stringOp.h">
      <Filter>头文件\utils</Filter>
    </ClInclude>
    <ClInclude Include="ringBuffer.h">
      <Filter>头文件\utils\arch</Filter>
    </ClInclude>
    <ClInclude Include="dataExplorer.h">
      <Filter>头文件</Filter>
    </ClInclude>
    <ClInclude Include="errorCode.h">
      <Filter>头文件</Filter>
    </ClInclude>
    <ClInclude Include="deviceExplorer.h">
      <Filter>头文件</Filter>
    </ClInclude>
    <ClInclude Include="jsonExplorer.h">
      <Filter>头文件</Filter>
    </ClInclude>
    <ClInclude Include="calibrations.h">
      <Filter>头文件</Filter>
    </ClInclude>
    <ClInclude Include="threadPool.h">
      <Filter>头文件\utils\arch</Filter>
    </ClInclude>
  </ItemGroup>
  <ItemGroup>
    <ClCompile Include="iofile.cpp">
      <Filter>源文件\utils\ioFile</Filter>
    </ClCompile>
    <ClCompile Include="main.cpp">
      <Filter>源文件</Filter>
    </ClCompile>
    <ClCompile Include="TEST_buffer_thread.cpp">
      <Filter>源文件\TEST</Filter>
    </ClCompile>
    <ClCompile Include="TEST_json_write_read.cpp">
      <Filter>源文件\TEST</Filter>
    </ClCompile>
    <ClCompile Include="TEST_jsonExplorer.cpp">
      <Filter>源文件\TEST</Filter>
    </ClCompile>
    <ClCompile Include="TEST_dataExplorer.cpp">
      <Filter>源文件\TEST</Filter>
    </ClCompile>
    <ClCompile Include="TEST_subThread_pause_continue.cpp">
      <Filter>源文件\TEST</Filter>
    </ClCompile>
    <ClCompile Include="dataExplorer.cpp">
      <Filter>源文件</Filter>
    </ClCompile>
    <ClCompile Include="JsonExplorer.cpp">
      <Filter>源文件</Filter>
    </ClCompile>
    <ClCompile Include="deviceExplorer.cpp">
      <Filter>源文件</Filter>
    </ClCompile>
    <ClCompile Include="logg.cpp">
      <Filter>源文件\utils\logg</Filter>
    </ClCompile>
    <ClCompile Include="TEST_calib.cpp">
      <Filter>源文件\TEST</Filter>
    </ClCompile>
  </ItemGroup>
</Project>